{
  "name": "@rotomeca/jsenumerable",
  "version": "1.0.0",
  "lockfileVersion": 3,
  "requires": true,
  "packages": {
    "": {
      "name": "@rotomeca/jsenumerable",
      "version": "1.0.0",
      "license": "ISC",
      "dependencies": {
        "@rotomeca/utils": "^2.0.0"
      }
    },
    "node_modules/@rotomeca/utils": {
      "version": "2.0.0",
      "resolved": "https://registry.npmjs.org/@rotomeca/utils/-/utils-2.0.0.tgz",
      "integrity": "sha512-IV3h5Nui7775dwF/161gUzKi1gIgSMRUwBkebfOFbP+qMKnOYUx/VeH0sbctun7AOKkzHKBEnn2zQ70lda48cw==",
      "license": "ISC"
    }
  }
}
